
Microsoft Visual Studio Solution File, Format Version 12.00
# Visual Studio Version 16
VisualStudioVersion = 16.0.31911.196
MinimumVisualStudioVersion = 10.0.40219.1
Project("{FAE04EC0-301F-11D3-BF4B-00C04F79EFBC}") = "CERAXLAN.HB.WebApi", "CERAXLAN.HB.WebApi\CERAXLAN.HB.WebApi.csproj", "{6F7FBB68-D7FB-4963-ACFE-75BDADC84300}"
EndProject
Project("{FAE04EC0-301F-11D3-BF4B-00C04F79EFBC}") = "CERAXLAN.HB.Business", "CERAXLAN.HB.Business\CERAXLAN.HB.Business.csproj", "{3EA71D9D-2D46-4568-A210-4B7B6C848A8D}"
EndProject
Project("{FAE04EC0-301F-11D3-BF4B-00C04F79EFBC}") = "CERAXLAN.HB.DataAccess", "CERAXLAN.HB.DataAccess\CERAXLAN.HB.DataAccess.csproj", "{F266087F-73CB-4DA4-9345-522BF7FEC97B}"
EndProject
Project("{FAE04EC0-301F-11D3-BF4B-00C04F79EFBC}") = "CERAXLAN.HB.Entities", "CERAXLAN.HB.Entities\CERAXLAN.HB.Entities.csproj", "{947DA256-534B-46D9-81C4-A96E46E7DFE3}"
EndProject
Project("{FAE04EC0-301F-11D3-BF4B-00C04F79EFBC}") = "CERAXLAN.HB.Core", "CERAXLAN.HB.Core\CERAXLAN.HB.Core.csproj", "{1033E0DB-4E6B-49B5-B7C1-ED73D4331DAF}"
EndProject
Project("{FAE04EC0-301F-11D3-BF4B-00C04F79EFBC}") = "CERAXLAN.HB.Business.Tests", "CERAXLAN.HB.Business.Tests\CERAXLAN.HB.Business.Tests.csproj", "{CC216214-09B4-4118-81FB-297068BC2839}"
EndProject
Global
	GlobalSection(SolutionConfigurationPlatforms) = preSolution
		Debug|Any CPU = Debug|Any CPU
		Release|Any CPU = Release|Any CPU
	EndGlobalSection
	GlobalSection(ProjectConfigurationPlatforms) = postSolution
		{6F7FBB68-D7FB-4963-ACFE-75BDADC84300}.Debug|Any CPU.ActiveCfg = Debug|Any CPU
		{6F7FBB68-D7FB-4963-ACFE-75BDADC84300}.Debug|Any CPU.Build.0 = Debug|Any CPU
		{6F7FBB68-D7FB-4963-ACFE-75BDADC84300}.Release|Any CPU.ActiveCfg = Release|Any CPU
		{6F7FBB68-D7FB-4963-ACFE-75BDADC84300}.Release|Any CPU.Build.0 = Release|Any CPU
		{3EA71D9D-2D46-4568-A210-4B7B6C848A8D}.Debug|Any CPU.ActiveCfg = Debug|Any CPU
		{3EA71D9D-2D46-4568-A210-4B7B6C848A8D}.Debug|Any CPU.Build.0 = Debug|Any CPU
		{3EA71D9D-2D46-4568-A210-4B7B6C848A8D}.Release|Any CPU.ActiveCfg = Release|Any CPU
		{3EA71D9D-2D46-4568-A210-4B7B6C848A8D}.Release|Any CPU.Build.0 = Release|Any CPU
		{F266087F-73CB-4DA4-9345-522BF7FEC97B}.Debug|Any CPU.ActiveCfg = Debug|Any CPU
		{F266087F-73CB-4DA4-9345-522BF7FEC97B}.Debug|Any CPU.Build.0 = Debug|Any CPU
		{F266087F-73CB-4DA4-9345-522BF7FEC97B}.Release|Any CPU.ActiveCfg = Release|Any CPU
		{F266087F-73CB-4DA4-9345-522BF7FEC97B}.Release|Any CPU.Build.0 = Release|Any CPU
		{947DA256-534B-46D9-81C4-A96E46E7DFE3}.Debug|Any CPU.ActiveCfg = Debug|Any CPU
		{947DA256-534B-46D9-81C4-A96E46E7DFE3}.Debug|Any CPU.Build.0 = Debug|Any CPU
		{947DA256-534B-46D9-81C4-A96E46E7DFE3}.Release|Any CPU.ActiveCfg = Release|Any CPU
		{947DA256-534B-46D9-81C4-A96E46E7DFE3}.Release|Any CPU.Build.0 = Release|Any CPU
		{1033E0DB-4E6B-49B5-B7C1-ED73D4331DAF}.Debug|Any CPU.ActiveCfg = Debug|Any CPU
		{1033E0DB-4E6B-49B5-B7C1-ED73D4331DAF}.Debug|Any CPU.Build.0 = Debug|Any CPU
		{1033E0DB-4E6B-49B5-B7C1-ED73D4331DAF}.Release|Any CPU.ActiveCfg = Release|Any CPU
		{1033E0DB-4E6B-49B5-B7C1-ED73D4331DAF}.Release|Any CPU.Build.0 = Release|Any CPU
		{CC216214-09B4-4118-81FB-297068BC2839}.Debug|Any CPU.ActiveCfg = Debug|Any CPU
		{CC216214-09B4-4118-81FB-297068BC2839}.Debug|Any CPU.Build.0 = Debug|Any CPU
		{CC216214-09B4-4118-81FB-297068BC2839}.Release|Any CPU.ActiveCfg = Release|Any CPU
		{CC216214-09B4-4118-81FB-297068BC2839}.Release|Any CPU.Build.0 = Release|Any CPU
	EndGlobalSection
	GlobalSection(SolutionProperties) = preSolution
		HideSolutionNode = FALSE
	EndGlobalSection
	GlobalSection(ExtensibilityGlobals) = postSolution
		SolutionGuid = {6BEF7395-3600-4514-A7F0-BC594EA5063A}
	EndGlobalSection
EndGlobal
